
Microsoft Visual Studio Solution File, Format Version 12.00
# Visual Studio Version 17
VisualStudioVersion = 17.10.35027.167
MinimumVisualStudioVersion = 10.0.40219.1
Project("{FAE04EC0-301F-11D3-BF4B-00C04F79EFBC}") = "SupplierPriceTracker", "SupplierPriceTracker\SupplierPriceTracker.csproj", "{EFB7BD42-1E60-4495-839C-6D1A301AB91D}"
EndProject
Project("{FAE04EC0-301F-11D3-BF4B-00C04F79EFBC}") = "SupplierPriceTracker_Tests", "SupplierPriceTracker_Tests\SupplierPriceTracker_Tests.csproj", "{4C7413A7-B33C-4011-8B54-BE53D2F06A55}"
EndProject
Global
	GlobalSection(SolutionConfigurationPlatforms) = preSolution
		Debug|Any CPU = Debug|Any CPU
		Release|Any CPU = Release|Any CPU
	EndGlobalSection
	GlobalSection(ProjectConfigurationPlatforms) = postSolution
		{EFB7BD42-1E60-4495-839C-6D1A301AB91D}.Debug|Any CPU.ActiveCfg = Debug|Any CPU
		{EFB7BD42-1E60-4495-839C-6D1A301AB91D}.Debug|Any CPU.Build.0 = Debug|Any CPU
		{EFB7BD42-1E60-4495-839C-6D1A301AB91D}.Release|Any CPU.ActiveCfg = Release|Any CPU
		{EFB7BD42-1E60-4495-839C-6D1A301AB91D}.Release|Any CPU.Build.0 = Release|Any CPU
		{4C7413A7-B33C-4011-8B54-BE53D2F06A55}.Debug|Any CPU.ActiveCfg = Debug|Any CPU
		{4C7413A7-B33C-4011-8B54-BE53D2F06A55}.Debug|Any CPU.Build.0 = Debug|Any CPU
		{4C7413A7-B33C-4011-8B54-BE53D2F06A55}.Release|Any CPU.ActiveCfg = Release|Any CPU
		{4C7413A7-B33C-4011-8B54-BE53D2F06A55}.Release|Any CPU.Build.0 = Release|Any CPU
	EndGlobalSection
	GlobalSection(SolutionProperties) = preSolution
		HideSolutionNode = FALSE
	EndGlobalSection
	GlobalSection(ExtensibilityGlobals) = postSolution
		SolutionGuid = {FAB0F8AA-CE4A-4B59-963A-258A22AF4E7E}
	EndGlobalSection
EndGlobal
